# GENERATED by tools/gen_views/generate_views.py — nicht manuell bearbeiten (ATC-STD-IMPLEMENTATION-001 §5)
registry:
  version: 1.2.0
  commit: ea9050a39570deab79cd8eeac46d419a4abb80ec
  sha256: 90abbcb073c2e5275e1c97cb606af7efd2b8182895cf9dab0266d53d23dbda40
  standards_total: 472
  standards_approved: 435
  standards_candidate: 25
  families: 51
  generated_at: "2026-09-11 02:22 UTC+2"
