# GENERATED by tools/gen_views/generate_views.py — nicht manuell bearbeiten (ATC-STD-IMPLEMENTATION-001 §5)
registry:
  version: 1.0.0
  commit: 6001e4efcd71cf21b9511e0f18c4f3cac6f5e9ad
  sha256: 362d8da677daeb54a10608baa51b7e37673b5d146373415eb1d89e1ba9ed5d60
  standards_total: 474
  standards_approved: 462
  standards_candidate: 0
  families: 51
  generated_at: "2026-09-11 16:59 UTC+2"
