# GENERATED by tools/gen_views/generate_views.py — nicht manuell bearbeiten (ATC-STD-IMPLEMENTATION-001 §5)
registry:
  version: 1.2.0
  commit: 817dcc36a7d5926fa523ed2c1505c57ba66f0207
  sha256: ff2117a62088cb0db3bef150aedbbeb706f6be64112b5f1e2154de116bf3fc13
  standards_total: 431
  standards_approved: 395
  standards_candidate: 36
  families: 49
  generated_at: "2026-09-08 15:11 UTC+2"
